<?xml version="1.0" encoding="utf-8"?>
<Project ToolsVersion="4.0" xmlns="http://schemas.microsoft.com/developer/msbuild/2003">
  <ItemGroup>
    <Filter Include="Source Files">
      <UniqueIdentifier>{8f812312-f29a-48b3-9757-8e704e4eb1e6}</UniqueIdentifier>
      <Extensions>cpp;c;cxx;rc;def;r;odl;idl;hpj;bat</Extensions>
    </Filter>
    <Filter Include="PNGLib">
      <UniqueIdentifier>{ee495cdc-2aa2-4a15-bbd8-e79798cbe348}</UniqueIdentifier>
    </Filter>
    <Filter Include="ZLib">
      <UniqueIdentifier>{a1e321bd-ff5f-4c5a-8569-481a9db3eb07}</UniqueIdentifier>
    </Filter>
    <Filter Include="palbmp">
      <UniqueIdentifier>{d05ec836-f8dd-4668-a106-9435d9c9f032}</UniqueIdentifier>
    </Filter>
    <Filter Include="Resource Files">
      <UniqueIdentifier>{430d3858-d77f-42d6-8d99-c3bc33cbbbb9}</UniqueIdentifier>
      <Extensions>ico;cur;bmp;dlg;rc2;rct;bin;rgs;gif;jpg;jpeg;jpe</Extensions>
    </Filter>
  </ItemGroup>
  <ItemGroup>
    <ClInclude Include="BLP.h">
      <Filter>Source Files</Filter>
    </ClInclude>
    <ClInclude Include="MemImage.h">
      <Filter>Source Files</Filter>
    </ClInclude>
    <ClInclude Include=".\lpng1246\png.h">
      <Filter>PNGLib</Filter>
    </ClInclude>
    <ClInclude Include=".\lpng1246\pngconf.h">
      <Filter>PNGLib</Filter>
    </ClInclude>
    <ClInclude Include=".\zlib-1.2.5\crc32.h">
      <Filter>ZLib</Filter>
    </ClInclude>
    <ClInclude Include=".\zlib-1.2.5\deflate.h">
      <Filter>ZLib</Filter>
    </ClInclude>
    <ClInclude Include=".\zlib-1.2.5\gzguts.h">
      <Filter>ZLib</Filter>
    </ClInclude>
    <ClInclude Include=".\zlib-1.2.5\inffast.h">
      <Filter>ZLib</Filter>
    </ClInclude>
    <ClInclude Include=".\zlib-1.2.5\inffixed.h">
      <Filter>ZLib</Filter>
    </ClInclude>
    <ClInclude Include=".\zlib-1.2.5\inflate.h">
      <Filter>ZLib</Filter>
    </ClInclude>
    <ClInclude Include=".\zlib-1.2.5\inftrees.h">
      <Filter>ZLib</Filter>
    </ClInclude>
    <ClInclude Include=".\zlib-1.2.5\trees.h">
      <Filter>ZLib</Filter>
    </ClInclude>
    <ClInclude Include=".\zlib-1.2.5\zconf.h">
      <Filter>ZLib</Filter>
    </ClInclude>
    <ClInclude Include=".\zlib-1.2.5\zlib.h">
      <Filter>ZLib</Filter>
    </ClInclude>
    <ClInclude Include=".\zlib-1.2.5\zutil.h">
      <Filter>ZLib</Filter>
    </ClInclude>
    <ClInclude Include="palbmp\colorconv.h">
      <Filter>palbmp</Filter>
    </ClInclude>
    <ClInclude Include="palbmp\palcreate.h">
      <Filter>palbmp</Filter>
    </ClInclude>
    <ClInclude Include="palbmp\palettize.h">
      <Filter>palbmp</Filter>
    </ClInclude>
    <ClInclude Include="palbmp\paloptimize.h">
      <Filter>palbmp</Filter>
    </ClInclude>
  </ItemGroup>
  <ItemGroup>
    <ClCompile Include="BLPConverter.cpp">
      <Filter>Source Files</Filter>
    </ClCompile>
    <ClCompile Include="MemImage.cpp">
      <Filter>Source Files</Filter>
    </ClCompile>
    <ClCompile Include=".\lpng1246\png.c">
      <Filter>PNGLib</Filter>
    </ClCompile>
    <ClCompile Include=".\lpng1246\pngerror.c">
      <Filter>PNGLib</Filter>
    </ClCompile>
    <ClCompile Include=".\lpng1246\pnggccrd.c">
      <Filter>PNGLib</Filter>
    </ClCompile>
    <ClCompile Include=".\lpng1246\pngget.c">
      <Filter>PNGLib</Filter>
    </ClCompile>
    <ClCompile Include=".\lpng1246\pngmem.c">
      <Filter>PNGLib</Filter>
    </ClCompile>
    <ClCompile Include=".\lpng1246\pngpread.c">
      <Filter>PNGLib</Filter>
    </ClCompile>
    <ClCompile Include=".\lpng1246\pngread.c">
      <Filter>PNGLib</Filter>
    </ClCompile>
    <ClCompile Include=".\lpng1246\pngrio.c">
      <Filter>PNGLib</Filter>
    </ClCompile>
    <ClCompile Include=".\lpng1246\pngrtran.c">
      <Filter>PNGLib</Filter>
    </ClCompile>
    <ClCompile Include=".\lpng1246\pngrutil.c">
      <Filter>PNGLib</Filter>
    </ClCompile>
    <ClCompile Include=".\lpng1246\pngset.c">
      <Filter>PNGLib</Filter>
    </ClCompile>
    <ClCompile Include=".\lpng1246\pngtrans.c">
      <Filter>PNGLib</Filter>
    </ClCompile>
    <ClCompile Include=".\lpng1246\pngvcrd.c">
      <Filter>PNGLib</Filter>
    </ClCompile>
    <ClCompile Include=".\lpng1246\pngwio.c">
      <Filter>PNGLib</Filter>
    </ClCompile>
    <ClCompile Include=".\lpng1246\pngwrite.c">
      <Filter>PNGLib</Filter>
    </ClCompile>
    <ClCompile Include=".\lpng1246\pngwtran.c">
      <Filter>PNGLib</Filter>
    </ClCompile>
    <ClCompile Include=".\lpng1246\pngwutil.c">
      <Filter>PNGLib</Filter>
    </ClCompile>
    <ClCompile Include=".\zlib-1.2.5\adler32.c">
      <Filter>ZLib</Filter>
    </ClCompile>
    <ClCompile Include=".\zlib-1.2.5\compress.c">
      <Filter>ZLib</Filter>
    </ClCompile>
    <ClCompile Include=".\zlib-1.2.5\crc32.c">
      <Filter>ZLib</Filter>
    </ClCompile>
    <ClCompile Include=".\zlib-1.2.5\deflate.c">
      <Filter>ZLib</Filter>
    </ClCompile>
    <ClCompile Include=".\zlib-1.2.5\gzclose.c">
      <Filter>ZLib</Filter>
    </ClCompile>
    <ClCompile Include=".\zlib-1.2.5\gzlib.c">
      <Filter>ZLib</Filter>
    </ClCompile>
    <ClCompile Include=".\zlib-1.2.5\gzread.c">
      <Filter>ZLib</Filter>
    </ClCompile>
    <ClCompile Include=".\zlib-1.2.5\gzwrite.c">
      <Filter>ZLib</Filter>
    </ClCompile>
    <ClCompile Include=".\zlib-1.2.5\infback.c">
      <Filter>ZLib</Filter>
    </ClCompile>
    <ClCompile Include=".\zlib-1.2.5\inffast.c">
      <Filter>ZLib</Filter>
    </ClCompile>
    <ClCompile Include=".\zlib-1.2.5\inflate.c">
      <Filter>ZLib</Filter>
    </ClCompile>
    <ClCompile Include=".\zlib-1.2.5\inftrees.c">
      <Filter>ZLib</Filter>
    </ClCompile>
    <ClCompile Include=".\zlib-1.2.5\trees.c">
      <Filter>ZLib</Filter>
    </ClCompile>
    <ClCompile Include=".\zlib-1.2.5\uncompr.c">
      <Filter>ZLib</Filter>
    </ClCompile>
    <ClCompile Include=".\zlib-1.2.5\zutil.c">
      <Filter>ZLib</Filter>
    </ClCompile>
    <ClCompile Include="palbmp\colorconv.c">
      <Filter>palbmp</Filter>
    </ClCompile>
    <ClCompile Include="palbmp\palcreate.c">
      <Filter>palbmp</Filter>
    </ClCompile>
    <ClCompile Include="palbmp\palettize.c">
      <Filter>palbmp</Filter>
    </ClCompile>
    <ClCompile Include="palbmp\paloptimize.c">
      <Filter>palbmp</Filter>
    </ClCompile>
  </ItemGroup>
</Project>