<?xml version="1.0" encoding="utf-8"?>
<Project ToolsVersion="4.0" xmlns="http://schemas.microsoft.com/developer/msbuild/2003">
  <ItemGroup>
    <Filter Include="Source Files">
      <UniqueIdentifier>{91a7e0fd-7b5f-4fe0-a9b6-7362ffc4f469}</UniqueIdentifier>
      <Extensions>cpp;c;cxx;rc;def;r;odl;idl;hpj;bat</Extensions>
    </Filter>
  </ItemGroup>
  <ItemGroup>
    <ClCompile Include="..\arithc.c">
      <Filter>Source Files</Filter>
    </ClCompile>
    <ClCompile Include="..\bbitio.c">
      <Filter>Source Files</Filter>
    </ClCompile>
    <ClCompile Include="..\bmpio.c">
      <Filter>Source Files</Filter>
    </ClCompile>
    <ClCompile Include="..\cacmari.c">
      <Filter>Source Files</Filter>
    </ClCompile>
    <ClCompile Include="..\chshutil.c">
      <Filter>Source Files</Filter>
    </ClCompile>
    <ClCompile Include="..\cindcatr.c">
      <Filter>Source Files</Filter>
    </ClCompile>
    <ClCompile Include="..\codeutil.c">
      <Filter>Source Files</Filter>
    </ClCompile>
    <ClCompile Include="..\context.c">
      <Filter>Source Files</Filter>
    </ClCompile>
    <ClCompile Include="..\crbconv.c">
      <Filter>Source Files</Filter>
    </ClCompile>
    <ClCompile Include="..\crbeqlib.c">
      <Filter>Source Files</Filter>
    </ClCompile>
    <ClCompile Include="..\crbequtil.c">
      <Filter>Source Files</Filter>
    </ClCompile>
    <ClCompile Include="..\crc32.c">
      <Filter>Source Files</Filter>
    </ClCompile>
    <ClCompile Include="..\dbf.c">
      <Filter>Source Files</Filter>
    </ClCompile>
    <ClCompile Include="..\equtil.c">
      <Filter>Source Files</Filter>
    </ClCompile>
    <ClCompile Include="..\farithc.c">
      <Filter>Source Files</Filter>
    </ClCompile>
    <ClCompile Include="..\fbitio.c">
      <Filter>Source Files</Filter>
    </ClCompile>
    <ClCompile Include="..\fileutil.c">
      <Filter>Source Files</Filter>
    </ClCompile>
    <ClCompile Include="..\fileutio.c">
      <Filter>Source Files</Filter>
    </ClCompile>
    <ClCompile Include="..\floatutil.c">
      <Filter>Source Files</Filter>
    </ClCompile>
    <ClCompile Include="..\huffa.c">
      <Filter>Source Files</Filter>
    </ClCompile>
    <ClCompile Include="..\huffman2.c">
      <Filter>Source Files</Filter>
    </ClCompile>
    <ClCompile Include="..\imutil.c">
      <Filter>Source Files</Filter>
    </ClCompile>
    <ClCompile Include="..\intmath.c">
      <Filter>Source Files</Filter>
    </ClCompile>
    <ClCompile Include="..\ladder.c">
      <Filter>Source Files</Filter>
    </ClCompile>
    <ClCompile Include="..\lbitio.c">
      <Filter>Source Files</Filter>
    </ClCompile>
    <ClCompile Include="..\list.c">
      <Filter>Source Files</Filter>
    </ClCompile>
    <ClCompile Include="..\log.c">
      <Filter>Source Files</Filter>
    </ClCompile>
    <ClCompile Include="..\matchpat.c">
      <Filter>Source Files</Filter>
    </ClCompile>
    <ClCompile Include="..\Matrix.c">
      <Filter>Source Files</Filter>
    </ClCompile>
    <ClCompile Include="..\mempool.c">
      <Filter>Source Files</Filter>
    </ClCompile>
    <ClCompile Include="..\memutil.c">
      <Filter>Source Files</Filter>
    </ClCompile>
    <ClCompile Include="..\mtf.c">
      <Filter>Source Files</Filter>
    </ClCompile>
    <ClCompile Include="..\myassert.c">
      <Filter>Source Files</Filter>
    </ClCompile>
    <ClCompile Include="..\o0coder.c">
      <Filter>Source Files</Filter>
    </ClCompile>
    <ClCompile Include="..\o1coder.c">
      <Filter>Source Files</Filter>
    </ClCompile>
    <ClCompile Include="..\report.c">
      <Filter>Source Files</Filter>
    </ClCompile>
    <ClCompile Include="..\rungae.c">
      <Filter>Source Files</Filter>
    </ClCompile>
    <ClCompile Include="..\rungo1.c">
      <Filter>Source Files</Filter>
    </ClCompile>
    <ClCompile Include="..\runtrans.c">
      <Filter>Source Files</Filter>
    </ClCompile>
    <ClCompile Include="..\scontext.c">
      <Filter>Source Files</Filter>
    </ClCompile>
    <ClCompile Include="..\sortnods.c">
      <Filter>Source Files</Filter>
    </ClCompile>
    <ClCompile Include="..\soz.c">
      <Filter>Source Files</Filter>
    </ClCompile>
    <ClCompile Include="..\spawnmutil.c">
      <Filter>Source Files</Filter>
    </ClCompile>
    <ClCompile Include="..\strutil.c">
      <Filter>Source Files</Filter>
    </ClCompile>
    <ClCompile Include="..\timer.c">
      <Filter>Source Files</Filter>
    </ClCompile>
    <ClCompile Include="..\tsc.c">
      <Filter>Source Files</Filter>
    </ClCompile>
    <ClCompile Include="..\Vector.c">
      <Filter>Source Files</Filter>
    </ClCompile>
    <ClCompile Include="..\vqarith.c">
      <Filter>Source Files</Filter>
    </ClCompile>
    <ClCompile Include="..\walker.c">
      <Filter>Source Files</Filter>
    </ClCompile>
  </ItemGroup>
  <ItemGroup>
    <ClInclude Include="..\arithc.h">
      <Filter>Source Files</Filter>
    </ClInclude>
    <ClInclude Include="..\bbitio.h">
      <Filter>Source Files</Filter>
    </ClInclude>
    <ClInclude Include="..\bmpio.h">
      <Filter>Source Files</Filter>
    </ClInclude>
    <ClInclude Include="..\cacmari.h">
      <Filter>Source Files</Filter>
    </ClInclude>
    <ClInclude Include="..\chshutil.h">
      <Filter>Source Files</Filter>
    </ClInclude>
    <ClInclude Include="..\cindcatr.h">
      <Filter>Source Files</Filter>
    </ClInclude>
    <ClInclude Include="..\codeutil.h">
      <Filter>Source Files</Filter>
    </ClInclude>
    <ClInclude Include="..\context.h">
      <Filter>Source Files</Filter>
    </ClInclude>
    <ClInclude Include="..\crbconv.h">
      <Filter>Source Files</Filter>
    </ClInclude>
    <ClInclude Include="..\crbeqlib.h">
      <Filter>Source Files</Filter>
    </ClInclude>
    <ClInclude Include="..\crc32.h">
      <Filter>Source Files</Filter>
    </ClInclude>
    <ClInclude Include="..\equtil.h">
      <Filter>Source Files</Filter>
    </ClInclude>
    <ClInclude Include="..\farithc.h">
      <Filter>Source Files</Filter>
    </ClInclude>
    <ClInclude Include="..\fbitio.h">
      <Filter>Source Files</Filter>
    </ClInclude>
    <ClInclude Include="..\fileutil.h">
      <Filter>Source Files</Filter>
    </ClInclude>
    <ClInclude Include="..\floatutil.h">
      <Filter>Source Files</Filter>
    </ClInclude>
    <ClInclude Include="..\huffa.h">
      <Filter>Source Files</Filter>
    </ClInclude>
    <ClInclude Include="..\huffman2.h">
      <Filter>Source Files</Filter>
    </ClInclude>
    <ClInclude Include="..\imutil.h">
      <Filter>Source Files</Filter>
    </ClInclude>
    <ClInclude Include="..\inc.h">
      <Filter>Source Files</Filter>
    </ClInclude>
    <ClInclude Include="..\intmath.h">
      <Filter>Source Files</Filter>
    </ClInclude>
    <ClInclude Include="..\ladder.h">
      <Filter>Source Files</Filter>
    </ClInclude>
    <ClInclude Include="..\lbitio.h">
      <Filter>Source Files</Filter>
    </ClInclude>
    <ClInclude Include="..\list.h">
      <Filter>Source Files</Filter>
    </ClInclude>
    <ClInclude Include="..\log.h">
      <Filter>Source Files</Filter>
    </ClInclude>
    <ClInclude Include="..\matchpat.h">
      <Filter>Source Files</Filter>
    </ClInclude>
    <ClInclude Include="..\Matrix.h">
      <Filter>Source Files</Filter>
    </ClInclude>
    <ClInclude Include="..\mempool.h">
      <Filter>Source Files</Filter>
    </ClInclude>
    <ClInclude Include="..\memutil.h">
      <Filter>Source Files</Filter>
    </ClInclude>
    <ClInclude Include="..\mtf.h">
      <Filter>Source Files</Filter>
    </ClInclude>
    <ClInclude Include="..\myassert.h">
      <Filter>Source Files</Filter>
    </ClInclude>
    <ClInclude Include="..\o0coder.h">
      <Filter>Source Files</Filter>
    </ClInclude>
    <ClInclude Include="..\o1coder.h">
      <Filter>Source Files</Filter>
    </ClInclude>
    <ClInclude Include="..\report.h">
      <Filter>Source Files</Filter>
    </ClInclude>
    <ClInclude Include="..\rungae.h">
      <Filter>Source Files</Filter>
    </ClInclude>
    <ClInclude Include="..\rungo1.h">
      <Filter>Source Files</Filter>
    </ClInclude>
    <ClInclude Include="..\runtrans.h">
      <Filter>Source Files</Filter>
    </ClInclude>
    <ClInclude Include="..\scontext.h">
      <Filter>Source Files</Filter>
    </ClInclude>
    <ClInclude Include="..\sortnods.h">
      <Filter>Source Files</Filter>
    </ClInclude>
    <ClInclude Include="..\soz.h">
      <Filter>Source Files</Filter>
    </ClInclude>
    <ClInclude Include="..\spawnmutil.h">
      <Filter>Source Files</Filter>
    </ClInclude>
    <ClInclude Include="..\strutil.h">
      <Filter>Source Files</Filter>
    </ClInclude>
    <ClInclude Include="..\timer.h">
      <Filter>Source Files</Filter>
    </ClInclude>
    <ClInclude Include="..\tsc.h">
      <Filter>Source Files</Filter>
    </ClInclude>
    <ClInclude Include="..\Vector.h">
      <Filter>Source Files</Filter>
    </ClInclude>
    <ClInclude Include="..\vqarith.h">
      <Filter>Source Files</Filter>
    </ClInclude>
    <ClInclude Include="..\walker.h">
      <Filter>Source Files</Filter>
    </ClInclude>
  </ItemGroup>
</Project>